{
  "nodes": {
    "coua": {
      "inputs": {
        "flake-utils": "flake-utils",
        "malkoha": "malkoha",
        "nixpkgs": "nixpkgs",
        "pyproject-nix": "pyproject-nix_2",
        "sphinx-sparql": "sphinx-sparql",
        "treefmt-nix": "treefmt-nix_2"
      },
      "locked": {
        "lastModified": 1757602479,
        "narHash": "sha256-qEZgmfUSd5AYSfCv34bpkX1JAy8CiFbtXwsU5lsOJg0=",
        "owner": "DLR-FT",
        "repo": "coua",
        "rev": "9cf51772092de8fb4a393cc5623178925f6ca822",
        "type": "github"
      },
      "original": {
        "owner": "DLR-FT",
        "repo": "coua",
        "type": "github"
      }
    },
    "flake-utils": {
      "inputs": {
        "systems": "systems"
      },
      "locked": {
        "lastModified": 1731533236,
        "narHash": "sha256-l0KFg5HjrsfsO/JpG+r7fRrqm12kzFHyUHqHCVpMMbI=",
        "owner": "numtide",
        "repo": "flake-utils",
        "rev": "11707dc2f618dd54ca8739b309ec4fc024de578b",
        "type": "github"
      },
      "original": {
        "owner": "numtide",
        "repo": "flake-utils",
        "type": "github"
      }
    },
    "flake-utils_2": {
      "inputs": {
        "systems": "systems_2"
      },
      "locked": {
        "lastModified": 1731533236,
        "narHash": "sha256-l0KFg5HjrsfsO/JpG+r7fRrqm12kzFHyUHqHCVpMMbI=",
        "owner": "numtide",
        "repo": "flake-utils",
        "rev": "11707dc2f618dd54ca8739b309ec4fc024de578b",
        "type": "github"
      },
      "original": {
        "owner": "numtide",
        "repo": "flake-utils",
        "type": "github"
      }
    },
    "flake-utils_3": {
      "inputs": {
        "systems": "systems_3"
      },
      "locked": {
        "lastModified": 1731533236,
        "narHash": "sha256-l0KFg5HjrsfsO/JpG+r7fRrqm12kzFHyUHqHCVpMMbI=",
        "owner": "numtide",
        "repo": "flake-utils",
        "rev": "11707dc2f618dd54ca8739b309ec4fc024de578b",
        "type": "github"
      },
      "original": {
        "owner": "numtide",
        "repo": "flake-utils",
        "type": "github"
      }
    },
    "malkoha": {
      "inputs": {
        "flake-utils": "flake-utils_2",
        "nixpkgs": [
          "coua",
          "nixpkgs"
        ],
        "pyproject-nix": "pyproject-nix",
        "treefmt-nix": "treefmt-nix"
      },
      "locked": {
        "lastModified": 1743689277,
        "narHash": "sha256-pyTyEeVkz2qXnszQqEcF2rKzXUS5joBEhPQvT1OXe88=",
        "owner": "DLR-FT",
        "repo": "malkoha",
        "rev": "237c2ffe10936833253e126134be8694128bfdc3",
        "type": "github"
      },
      "original": {
        "owner": "DLR-FT",
        "repo": "malkoha",
        "type": "github"
      }
    },
    "nixpkgs": {
      "locked": {
        "lastModified": 1757408970,
        "narHash": "sha256-aSgK4BLNFFGvDTNKPeB28lVXYqVn8RdyXDNAvgGq+k0=",
        "owner": "NixOS",
        "repo": "nixpkgs",
        "rev": "d179d77c139e0a3f5c416477f7747e9d6b7ec315",
        "type": "github"
      },
      "original": {
        "owner": "NixOS",
        "ref": "nixos-25.05",
        "repo": "nixpkgs",
        "type": "github"
      }
    },
    "nixpkgs_2": {
      "locked": {
        "lastModified": 1757408970,
        "narHash": "sha256-aSgK4BLNFFGvDTNKPeB28lVXYqVn8RdyXDNAvgGq+k0=",
        "owner": "NixOS",
        "repo": "nixpkgs",
        "rev": "d179d77c139e0a3f5c416477f7747e9d6b7ec315",
        "type": "github"
      },
      "original": {
        "owner": "NixOS",
        "ref": "nixos-25.05",
        "repo": "nixpkgs",
        "type": "github"
      }
    },
    "pyproject-nix": {
      "inputs": {
        "nixpkgs": [
          "coua",
          "malkoha",
          "nixpkgs"
        ]
      },
      "locked": {
        "lastModified": 1738204167,
        "narHash": "sha256-J5M2sj3x4ocM93shScT/3Z4XWHZhwwW1NyQK+C+8Mys=",
        "owner": "nix-community",
        "repo": "pyproject.nix",
        "rev": "0d9f4b90cee1b5c5d6c142ef22de1e246e003ccc",
        "type": "github"
      },
      "original": {
        "owner": "nix-community",
        "repo": "pyproject.nix",
        "type": "github"
      }
    },
    "pyproject-nix_2": {
      "inputs": {
        "nixpkgs": [
          "coua",
          "nixpkgs"
        ]
      },
      "locked": {
        "lastModified": 1757246327,
        "narHash": "sha256-6pNlGhwOIMfhe/RLjHdpXveKS4FyLHvlGe+KtjDild4=",
        "owner": "nix-community",
        "repo": "pyproject.nix",
        "rev": "8d77f342d66ad1601cdb9d97e9388b69f64d4c8e",
        "type": "github"
      },
      "original": {
        "owner": "nix-community",
        "repo": "pyproject.nix",
        "type": "github"
      }
    },
    "pyproject-nix_3": {
      "inputs": {
        "nixpkgs": [
          "coua",
          "sphinx-sparql",
          "nixpkgs"
        ]
      },
      "locked": {
        "lastModified": 1743391020,
        "narHash": "sha256-2rBj3seg1i1EOYi0toXzptPt8qw9BlIqkvUuR/fEzJk=",
        "owner": "nix-community",
        "repo": "pyproject.nix",
        "rev": "953f6405f4d4b9bfead18d0f53c045650c58e8f4",
        "type": "github"
      },
      "original": {
        "owner": "nix-community",
        "repo": "pyproject.nix",
        "type": "github"
      }
    },
    "root": {
      "inputs": {
        "coua": "coua",
        "nixpkgs": "nixpkgs_2"
      }
    },
    "sphinx-sparql": {
      "inputs": {
        "flake-utils": "flake-utils_3",
        "nixpkgs": [
          "coua",
          "nixpkgs"
        ],
        "pyproject-nix": "pyproject-nix_3"
      },
      "locked": {
        "lastModified": 1744705913,
        "narHash": "sha256-k3rfq9FdtysV4kuW/oN26a6vKeLfMSiQfY/7n+MpKfk=",
        "owner": "DLR-FT",
        "repo": "sphinx-ext-sparql",
        "rev": "d66917d875d592025adf65ee3c27402f18d21ea5",
        "type": "github"
      },
      "original": {
        "owner": "DLR-FT",
        "repo": "sphinx-ext-sparql",
        "type": "github"
      }
    },
    "systems": {
      "locked": {
        "lastModified": 1681028828,
        "narHash": "sha256-Vy1rq5AaRuLzOxct8nz4T6wlgyUR7zLU309k9mBC768=",
        "owner": "nix-systems",
        "repo": "default",
        "rev": "da67096a3b9bf56a91d16901293e51ba5b49a27e",
        "type": "github"
      },
      "original": {
        "owner": "nix-systems",
        "repo": "default",
        "type": "github"
      }
    },
    "systems_2": {
      "locked": {
        "lastModified": 1681028828,
        "narHash": "sha256-Vy1rq5AaRuLzOxct8nz4T6wlgyUR7zLU309k9mBC768=",
        "owner": "nix-systems",
        "repo": "default",
        "rev": "da67096a3b9bf56a91d16901293e51ba5b49a27e",
        "type": "github"
      },
      "original": {
        "owner": "nix-systems",
        "repo": "default",
        "type": "github"
      }
    },
    "systems_3": {
      "locked": {
        "lastModified": 1681028828,
        "narHash": "sha256-Vy1rq5AaRuLzOxct8nz4T6wlgyUR7zLU309k9mBC768=",
        "owner": "nix-systems",
        "repo": "default",
        "rev": "da67096a3b9bf56a91d16901293e51ba5b49a27e",
        "type": "github"
      },
      "original": {
        "owner": "nix-systems",
        "repo": "default",
        "type": "github"
      }
    },
    "treefmt-nix": {
      "inputs": {
        "nixpkgs": [
          "coua",
          "malkoha",
          "nixpkgs"
        ]
      },
      "locked": {
        "lastModified": 1738680491,
        "narHash": "sha256-8X7tR3kFGkE7WEF5EXVkt4apgaN85oHZdoTGutCFs6I=",
        "owner": "numtide",
        "repo": "treefmt-nix",
        "rev": "64dbb922d51a42c0ced6a7668ca008dded61c483",
        "type": "github"
      },
      "original": {
        "owner": "numtide",
        "repo": "treefmt-nix",
        "type": "github"
      }
    },
    "treefmt-nix_2": {
      "inputs": {
        "nixpkgs": [
          "coua",
          "nixpkgs"
        ]
      },
      "locked": {
        "lastModified": 1756662192,
        "narHash": "sha256-F1oFfV51AE259I85av+MAia221XwMHCOtZCMcZLK2Jk=",
        "owner": "numtide",
        "repo": "treefmt-nix",
        "rev": "1aabc6c05ccbcbf4a635fb7a90400e44282f61c4",
        "type": "github"
      },
      "original": {
        "owner": "numtide",
        "repo": "treefmt-nix",
        "type": "github"
      }
    }
  },
  "root": "root",
  "version": 7
}
